{
  "name": "myservice",
  "version": "1.2.3-semantic-release",
  "lockfileVersion": 2,
  "requires": true,
  "packages": {
    "": {
      "name": "myservice",
      "version": "1.2.3-semantic-release",
      "dependencies": {
        "mf-hosting": "github:arlac77/mf-hosting"
      },
      "engines": {
        "node": ">=10.5"
      }
    },
    "node_modules/mf-hosting": {
      "resolved": "git+ssh://git@github.com/arlac77/mf-hosting.git#a8b829de6e7eae56a9d167148591b523023c83c9"
    }
  },
  "dependencies": {
    "mf-hosting": {
      "version": "git+ssh://git@github.com/arlac77/mf-hosting.git#a8b829de6e7eae56a9d167148591b523023c83c9",
      "from": "mf-hosting@https://github.com/arlac77/mf-hosting.git"
    }
  }
}
